
Microsoft Visual Studio Solution File, Format Version 12.00
# Visual Studio Version 17
VisualStudioVersion = 17.0.32002.185
MinimumVisualStudioVersion = 10.0.40219.1
Project("{FAE04EC0-301F-11D3-BF4B-00C04F79EFBC}") = "Launch", "Launch.csproj", "{1A07C631-1220-4847-8CBA-2A50170B7BCD}"
EndProject
Project("{FAE04EC0-301F-11D3-BF4B-00C04F79EFBC}") = "Client", "..\Scripts\Client.csproj", "{E335C1C0-164F-1039-F400-C7FC9DCA39AB}"
EndProject
Project("{FAE04EC0-301F-11D3-BF4B-00C04F79EFBC}") = "Database", "..\Scripts\Database.csproj", "{1E0D9B67-E549-C634-F228-4E2343FF4613}"
EndProject
Project("{FAE04EC0-301F-11D3-BF4B-00C04F79EFBC}") = "Network", "..\Scripts\Network.csproj", "{B499F962-81FF-0068-1F52-F0A4783BA3E9}"
EndProject
Project("{FAE04EC0-301F-11D3-BF4B-00C04F79EFBC}") = "RpcLogic", "..\Scripts\RpcLogic.csproj", "{3F2DF287-5EE2-D986-0477-A6438CAB4FD2}"
EndProject
Project("{FAE04EC0-301F-11D3-BF4B-00C04F79EFBC}") = "ServerChat", "..\Scripts\ServerChat.csproj", "{4F9DBE48-7A44-7225-A776-9B3FFD4C991C}"
EndProject
Project("{FAE04EC0-301F-11D3-BF4B-00C04F79EFBC}") = "ServerGate", "..\Scripts\ServerGate.csproj", "{06556A29-DB95-2A77-E7D1-C7FF888BABE7}"
EndProject
Project("{FAE04EC0-301F-11D3-BF4B-00C04F79EFBC}") = "ServerLogin", "..\Scripts\ServerLogin.csproj", "{9E7D9C35-5FA6-40DC-1CEC-FD2EFFE0DB85}"
EndProject
Project("{FAE04EC0-301F-11D3-BF4B-00C04F79EFBC}") = "ServerMail", "..\Scripts\ServerMail.csproj", "{5F9B339C-0962-0F97-2989-50799CF1CE56}"
EndProject
Project("{FAE04EC0-301F-11D3-BF4B-00C04F79EFBC}") = "ServerMap", "..\Scripts\ServerMap.csproj", "{09BDFB62-D96F-A836-A68C-847427A7456E}"
EndProject
Project("{FAE04EC0-301F-11D3-BF4B-00C04F79EFBC}") = "ServerRpc", "..\Scripts\ServerRpc.csproj", "{56677EC3-7BFE-637F-52FD-C0BB83291553}"
EndProject
Global
	GlobalSection(SolutionConfigurationPlatforms) = preSolution
		Debug|Any CPU = Debug|Any CPU
		Release|Any CPU = Release|Any CPU
	EndGlobalSection
	GlobalSection(ProjectConfigurationPlatforms) = postSolution
		{1A07C631-1220-4847-8CBA-2A50170B7BCD}.Debug|Any CPU.ActiveCfg = Debug|Any CPU
		{1A07C631-1220-4847-8CBA-2A50170B7BCD}.Debug|Any CPU.Build.0 = Debug|Any CPU
		{1A07C631-1220-4847-8CBA-2A50170B7BCD}.Release|Any CPU.ActiveCfg = Release|Any CPU
		{1A07C631-1220-4847-8CBA-2A50170B7BCD}.Release|Any CPU.Build.0 = Release|Any CPU
		{E335C1C0-164F-1039-F400-C7FC9DCA39AB}.Debug|Any CPU.ActiveCfg = Debug|Any CPU
		{E335C1C0-164F-1039-F400-C7FC9DCA39AB}.Debug|Any CPU.Build.0 = Debug|Any CPU
		{E335C1C0-164F-1039-F400-C7FC9DCA39AB}.Release|Any CPU.ActiveCfg = Release|Any CPU
		{E335C1C0-164F-1039-F400-C7FC9DCA39AB}.Release|Any CPU.Build.0 = Release|Any CPU
		{1E0D9B67-E549-C634-F228-4E2343FF4613}.Debug|Any CPU.ActiveCfg = Debug|Any CPU
		{1E0D9B67-E549-C634-F228-4E2343FF4613}.Debug|Any CPU.Build.0 = Debug|Any CPU
		{1E0D9B67-E549-C634-F228-4E2343FF4613}.Release|Any CPU.ActiveCfg = Release|Any CPU
		{1E0D9B67-E549-C634-F228-4E2343FF4613}.Release|Any CPU.Build.0 = Release|Any CPU
		{B499F962-81FF-0068-1F52-F0A4783BA3E9}.Debug|Any CPU.ActiveCfg = Debug|Any CPU
		{B499F962-81FF-0068-1F52-F0A4783BA3E9}.Debug|Any CPU.Build.0 = Debug|Any CPU
		{B499F962-81FF-0068-1F52-F0A4783BA3E9}.Release|Any CPU.ActiveCfg = Release|Any CPU
		{B499F962-81FF-0068-1F52-F0A4783BA3E9}.Release|Any CPU.Build.0 = Release|Any CPU
		{3F2DF287-5EE2-D986-0477-A6438CAB4FD2}.Debug|Any CPU.ActiveCfg = Debug|Any CPU
		{3F2DF287-5EE2-D986-0477-A6438CAB4FD2}.Debug|Any CPU.Build.0 = Debug|Any CPU
		{3F2DF287-5EE2-D986-0477-A6438CAB4FD2}.Release|Any CPU.ActiveCfg = Release|Any CPU
		{3F2DF287-5EE2-D986-0477-A6438CAB4FD2}.Release|Any CPU.Build.0 = Release|Any CPU
		{4F9DBE48-7A44-7225-A776-9B3FFD4C991C}.Debug|Any CPU.ActiveCfg = Debug|Any CPU
		{4F9DBE48-7A44-7225-A776-9B3FFD4C991C}.Debug|Any CPU.Build.0 = Debug|Any CPU
		{4F9DBE48-7A44-7225-A776-9B3FFD4C991C}.Release|Any CPU.ActiveCfg = Release|Any CPU
		{4F9DBE48-7A44-7225-A776-9B3FFD4C991C}.Release|Any CPU.Build.0 = Release|Any CPU
		{06556A29-DB95-2A77-E7D1-C7FF888BABE7}.Debug|Any CPU.ActiveCfg = Debug|Any CPU
		{06556A29-DB95-2A77-E7D1-C7FF888BABE7}.Debug|Any CPU.Build.0 = Debug|Any CPU
		{06556A29-DB95-2A77-E7D1-C7FF888BABE7}.Release|Any CPU.ActiveCfg = Release|Any CPU
		{06556A29-DB95-2A77-E7D1-C7FF888BABE7}.Release|Any CPU.Build.0 = Release|Any CPU
		{9E7D9C35-5FA6-40DC-1CEC-FD2EFFE0DB85}.Debug|Any CPU.ActiveCfg = Debug|Any CPU
		{9E7D9C35-5FA6-40DC-1CEC-FD2EFFE0DB85}.Debug|Any CPU.Build.0 = Debug|Any CPU
		{9E7D9C35-5FA6-40DC-1CEC-FD2EFFE0DB85}.Release|Any CPU.ActiveCfg = Release|Any CPU
		{9E7D9C35-5FA6-40DC-1CEC-FD2EFFE0DB85}.Release|Any CPU.Build.0 = Release|Any CPU
		{5F9B339C-0962-0F97-2989-50799CF1CE56}.Debug|Any CPU.ActiveCfg = Debug|Any CPU
		{5F9B339C-0962-0F97-2989-50799CF1CE56}.Debug|Any CPU.Build.0 = Debug|Any CPU
		{5F9B339C-0962-0F97-2989-50799CF1CE56}.Release|Any CPU.ActiveCfg = Release|Any CPU
		{5F9B339C-0962-0F97-2989-50799CF1CE56}.Release|Any CPU.Build.0 = Release|Any CPU
		{09BDFB62-D96F-A836-A68C-847427A7456E}.Debug|Any CPU.ActiveCfg = Debug|Any CPU
		{09BDFB62-D96F-A836-A68C-847427A7456E}.Debug|Any CPU.Build.0 = Debug|Any CPU
		{09BDFB62-D96F-A836-A68C-847427A7456E}.Release|Any CPU.ActiveCfg = Release|Any CPU
		{09BDFB62-D96F-A836-A68C-847427A7456E}.Release|Any CPU.Build.0 = Release|Any CPU
		{56677EC3-7BFE-637F-52FD-C0BB83291553}.Debug|Any CPU.ActiveCfg = Debug|Any CPU
		{56677EC3-7BFE-637F-52FD-C0BB83291553}.Debug|Any CPU.Build.0 = Debug|Any CPU
		{56677EC3-7BFE-637F-52FD-C0BB83291553}.Release|Any CPU.ActiveCfg = Release|Any CPU
		{56677EC3-7BFE-637F-52FD-C0BB83291553}.Release|Any CPU.Build.0 = Release|Any CPU
	EndGlobalSection
	GlobalSection(SolutionProperties) = preSolution
		HideSolutionNode = FALSE
	EndGlobalSection
	GlobalSection(ExtensibilityGlobals) = postSolution
		SolutionGuid = {3D4BA90C-0C36-49EE-9F80-94E3ED82ACCA}
	EndGlobalSection
EndGlobal
