
Microsoft Visual Studio Solution File, Format Version 12.00
# Visual Studio Version 17
VisualStudioVersion = 17.0.32002.185
MinimumVisualStudioVersion = 10.0.40219.1
Project("{FAE04EC0-301F-11D3-BF4B-00C04F79EFBC}") = "Client", "Client.csproj", "{E335C1C0-164F-1039-F400-C7FC9DCA39AB}"
EndProject
Project("{9A19103F-16F7-4668-BE54-9A1E7A4F7556}") = "Launch", "Launch\Launch.csproj", "{9F0F1F19-D639-47E8-9317-027AAAE0820D}"
EndProject
Project("{FAE04EC0-301F-11D3-BF4B-00C04F79EFBC}") = "CenterServer", "CenterServer.csproj", "{ECC5E9F4-1CE7-7D3E-DA32-5AEFB1F1D053}"
EndProject
Project("{FAE04EC0-301F-11D3-BF4B-00C04F79EFBC}") = "ChatServer", "ChatServer.csproj", "{60743EC7-BD0A-40F4-BFCB-B968E3964685}"
EndProject
Project("{2150E333-8FDC-42A3-9474-1A3956D46DE8}") = "Server_", "Server_", "{95B39F92-84D8-4F08-8988-72C84D4B6B82}"
EndProject
Project("{2150E333-8FDC-42A3-9474-1A3956D46DE8}") = "Common_", "Common_", "{B8767A1F-276A-45D7-A2C8-2A0F973C6454}"
EndProject
Project("{2150E333-8FDC-42A3-9474-1A3956D46DE8}") = "Client_", "Client_", "{0764CABF-6923-4718-86B1-545AC2266815}"
EndProject
Project("{FAE04EC0-301F-11D3-BF4B-00C04F79EFBC}") = "Common", "Common.csproj", "{7E9D88B9-DB18-1C82-8745-0089B3E77686}"
EndProject
Project("{FAE04EC0-301F-11D3-BF4B-00C04F79EFBC}") = "UserLogic", "UserLogic.csproj", "{4227B042-E521-1BC6-2DB9-58C349003369}"
EndProject
Project("{FAE04EC0-301F-11D3-BF4B-00C04F79EFBC}") = "MapLogic", "MapLogic.csproj", "{4CAAFB10-75F3-8388-B8BB-FF11D76A26FC}"
EndProject
Project("{FAE04EC0-301F-11D3-BF4B-00C04F79EFBC}") = "GateServer", "GateServer.csproj", "{99FA6918-2DF0-90D6-DC78-9C21D3E8A362}"
EndProject
Project("{FAE04EC0-301F-11D3-BF4B-00C04F79EFBC}") = "MailRespository", "MailRespository.csproj", "{25A8D902-3F85-191F-3294-5158C8CC0793}"
EndProject
Project("{FAE04EC0-301F-11D3-BF4B-00C04F79EFBC}") = "MapServer", "MapServer.csproj", "{BF4422FB-765A-753C-384A-53A3EDE0FBA3}"
EndProject
Project("{FAE04EC0-301F-11D3-BF4B-00C04F79EFBC}") = "UserRespository", "UserRespository.csproj", "{ED829753-704D-8AE6-948E-55DB95CC710D}"
EndProject
Project("{FAE04EC0-301F-11D3-BF4B-00C04F79EFBC}") = "LogServer", "LogServer.csproj", "{254C9E41-D0E6-D710-45C7-16DA6B8E1CCC}"
EndProject
Project("{FAE04EC0-301F-11D3-BF4B-00C04F79EFBC}") = "LoginServer", "LoginServer.csproj", "{B17ACDBA-8390-6DDF-1D24-B4AE3463BEE0}"
EndProject
Global
	GlobalSection(SolutionConfigurationPlatforms) = preSolution
		Debug|Any CPU = Debug|Any CPU
		Release|Any CPU = Release|Any CPU
	EndGlobalSection
	GlobalSection(ProjectConfigurationPlatforms) = postSolution
		{E335C1C0-164F-1039-F400-C7FC9DCA39AB}.Debug|Any CPU.ActiveCfg = Debug|Any CPU
		{E335C1C0-164F-1039-F400-C7FC9DCA39AB}.Debug|Any CPU.Build.0 = Debug|Any CPU
		{E335C1C0-164F-1039-F400-C7FC9DCA39AB}.Release|Any CPU.ActiveCfg = Release|Any CPU
		{E335C1C0-164F-1039-F400-C7FC9DCA39AB}.Release|Any CPU.Build.0 = Release|Any CPU
		{9F0F1F19-D639-47E8-9317-027AAAE0820D}.Debug|Any CPU.ActiveCfg = Debug|Any CPU
		{9F0F1F19-D639-47E8-9317-027AAAE0820D}.Debug|Any CPU.Build.0 = Debug|Any CPU
		{9F0F1F19-D639-47E8-9317-027AAAE0820D}.Release|Any CPU.ActiveCfg = Release|Any CPU
		{9F0F1F19-D639-47E8-9317-027AAAE0820D}.Release|Any CPU.Build.0 = Release|Any CPU
		{ECC5E9F4-1CE7-7D3E-DA32-5AEFB1F1D053}.Debug|Any CPU.ActiveCfg = Debug|Any CPU
		{ECC5E9F4-1CE7-7D3E-DA32-5AEFB1F1D053}.Debug|Any CPU.Build.0 = Debug|Any CPU
		{ECC5E9F4-1CE7-7D3E-DA32-5AEFB1F1D053}.Release|Any CPU.ActiveCfg = Release|Any CPU
		{ECC5E9F4-1CE7-7D3E-DA32-5AEFB1F1D053}.Release|Any CPU.Build.0 = Release|Any CPU
		{60743EC7-BD0A-40F4-BFCB-B968E3964685}.Debug|Any CPU.ActiveCfg = Debug|Any CPU
		{60743EC7-BD0A-40F4-BFCB-B968E3964685}.Debug|Any CPU.Build.0 = Debug|Any CPU
		{60743EC7-BD0A-40F4-BFCB-B968E3964685}.Release|Any CPU.ActiveCfg = Release|Any CPU
		{60743EC7-BD0A-40F4-BFCB-B968E3964685}.Release|Any CPU.Build.0 = Release|Any CPU
		{7E9D88B9-DB18-1C82-8745-0089B3E77686}.Debug|Any CPU.ActiveCfg = Debug|Any CPU
		{7E9D88B9-DB18-1C82-8745-0089B3E77686}.Debug|Any CPU.Build.0 = Debug|Any CPU
		{7E9D88B9-DB18-1C82-8745-0089B3E77686}.Release|Any CPU.ActiveCfg = Release|Any CPU
		{7E9D88B9-DB18-1C82-8745-0089B3E77686}.Release|Any CPU.Build.0 = Release|Any CPU
		{4227B042-E521-1BC6-2DB9-58C349003369}.Debug|Any CPU.ActiveCfg = Debug|Any CPU
		{4227B042-E521-1BC6-2DB9-58C349003369}.Debug|Any CPU.Build.0 = Debug|Any CPU
		{4227B042-E521-1BC6-2DB9-58C349003369}.Release|Any CPU.ActiveCfg = Release|Any CPU
		{4227B042-E521-1BC6-2DB9-58C349003369}.Release|Any CPU.Build.0 = Release|Any CPU
		{4CAAFB10-75F3-8388-B8BB-FF11D76A26FC}.Debug|Any CPU.ActiveCfg = Debug|Any CPU
		{4CAAFB10-75F3-8388-B8BB-FF11D76A26FC}.Debug|Any CPU.Build.0 = Debug|Any CPU
		{4CAAFB10-75F3-8388-B8BB-FF11D76A26FC}.Release|Any CPU.ActiveCfg = Release|Any CPU
		{4CAAFB10-75F3-8388-B8BB-FF11D76A26FC}.Release|Any CPU.Build.0 = Release|Any CPU
		{99FA6918-2DF0-90D6-DC78-9C21D3E8A362}.Debug|Any CPU.ActiveCfg = Debug|Any CPU
		{99FA6918-2DF0-90D6-DC78-9C21D3E8A362}.Debug|Any CPU.Build.0 = Debug|Any CPU
		{99FA6918-2DF0-90D6-DC78-9C21D3E8A362}.Release|Any CPU.ActiveCfg = Release|Any CPU
		{99FA6918-2DF0-90D6-DC78-9C21D3E8A362}.Release|Any CPU.Build.0 = Release|Any CPU
		{25A8D902-3F85-191F-3294-5158C8CC0793}.Debug|Any CPU.ActiveCfg = Debug|Any CPU
		{25A8D902-3F85-191F-3294-5158C8CC0793}.Debug|Any CPU.Build.0 = Debug|Any CPU
		{25A8D902-3F85-191F-3294-5158C8CC0793}.Release|Any CPU.ActiveCfg = Release|Any CPU
		{25A8D902-3F85-191F-3294-5158C8CC0793}.Release|Any CPU.Build.0 = Release|Any CPU
		{BF4422FB-765A-753C-384A-53A3EDE0FBA3}.Debug|Any CPU.ActiveCfg = Debug|Any CPU
		{BF4422FB-765A-753C-384A-53A3EDE0FBA3}.Debug|Any CPU.Build.0 = Debug|Any CPU
		{BF4422FB-765A-753C-384A-53A3EDE0FBA3}.Release|Any CPU.ActiveCfg = Release|Any CPU
		{BF4422FB-765A-753C-384A-53A3EDE0FBA3}.Release|Any CPU.Build.0 = Release|Any CPU
		{ED829753-704D-8AE6-948E-55DB95CC710D}.Debug|Any CPU.ActiveCfg = Debug|Any CPU
		{ED829753-704D-8AE6-948E-55DB95CC710D}.Debug|Any CPU.Build.0 = Debug|Any CPU
		{ED829753-704D-8AE6-948E-55DB95CC710D}.Release|Any CPU.ActiveCfg = Release|Any CPU
		{ED829753-704D-8AE6-948E-55DB95CC710D}.Release|Any CPU.Build.0 = Release|Any CPU
		{254C9E41-D0E6-D710-45C7-16DA6B8E1CCC}.Debug|Any CPU.ActiveCfg = Debug|Any CPU
		{254C9E41-D0E6-D710-45C7-16DA6B8E1CCC}.Debug|Any CPU.Build.0 = Debug|Any CPU
		{254C9E41-D0E6-D710-45C7-16DA6B8E1CCC}.Release|Any CPU.ActiveCfg = Release|Any CPU
		{254C9E41-D0E6-D710-45C7-16DA6B8E1CCC}.Release|Any CPU.Build.0 = Release|Any CPU
		{B17ACDBA-8390-6DDF-1D24-B4AE3463BEE0}.Debug|Any CPU.ActiveCfg = Debug|Any CPU
		{B17ACDBA-8390-6DDF-1D24-B4AE3463BEE0}.Debug|Any CPU.Build.0 = Debug|Any CPU
		{B17ACDBA-8390-6DDF-1D24-B4AE3463BEE0}.Release|Any CPU.ActiveCfg = Release|Any CPU
		{B17ACDBA-8390-6DDF-1D24-B4AE3463BEE0}.Release|Any CPU.Build.0 = Release|Any CPU
	EndGlobalSection
	GlobalSection(SolutionProperties) = preSolution
		HideSolutionNode = FALSE
	EndGlobalSection
	GlobalSection(NestedProjects) = preSolution
		{E335C1C0-164F-1039-F400-C7FC9DCA39AB} = {0764CABF-6923-4718-86B1-545AC2266815}
		{ECC5E9F4-1CE7-7D3E-DA32-5AEFB1F1D053} = {95B39F92-84D8-4F08-8988-72C84D4B6B82}
		{60743EC7-BD0A-40F4-BFCB-B968E3964685} = {95B39F92-84D8-4F08-8988-72C84D4B6B82}
		{7E9D88B9-DB18-1C82-8745-0089B3E77686} = {B8767A1F-276A-45D7-A2C8-2A0F973C6454}
		{4227B042-E521-1BC6-2DB9-58C349003369} = {B8767A1F-276A-45D7-A2C8-2A0F973C6454}
		{4CAAFB10-75F3-8388-B8BB-FF11D76A26FC} = {B8767A1F-276A-45D7-A2C8-2A0F973C6454}
		{99FA6918-2DF0-90D6-DC78-9C21D3E8A362} = {95B39F92-84D8-4F08-8988-72C84D4B6B82}
		{25A8D902-3F85-191F-3294-5158C8CC0793} = {95B39F92-84D8-4F08-8988-72C84D4B6B82}
		{BF4422FB-765A-753C-384A-53A3EDE0FBA3} = {95B39F92-84D8-4F08-8988-72C84D4B6B82}
		{ED829753-704D-8AE6-948E-55DB95CC710D} = {95B39F92-84D8-4F08-8988-72C84D4B6B82}
		{254C9E41-D0E6-D710-45C7-16DA6B8E1CCC} = {95B39F92-84D8-4F08-8988-72C84D4B6B82}
		{B17ACDBA-8390-6DDF-1D24-B4AE3463BEE0} = {95B39F92-84D8-4F08-8988-72C84D4B6B82}
	EndGlobalSection
	GlobalSection(ExtensibilityGlobals) = postSolution
		SolutionGuid = {5CF73508-EAA4-4FC0-BE48-7255730AB6C4}
	EndGlobalSection
EndGlobal
