
Microsoft Visual Studio Solution File, Format Version 12.00
# Visual Studio 15
Project("{FAE04EC0-301F-11D3-BF4B-00C04F79EFBC}") = "MessagePack", "MessagePack.csproj", "{84B17D6D-76A9-1856-5DF6-BCD3FE192693}"
EndProject
Project("{FAE04EC0-301F-11D3-BF4B-00C04F79EFBC}") = "Editor", "Editor.csproj", "{702A92B6-F3EE-1D07-A8AB-B292246E19C5}"
EndProject
Project("{FAE04EC0-301F-11D3-BF4B-00C04F79EFBC}") = "MessagePack.Annotations", "MessagePack.Annotations.csproj", "{FBAD5CEA-E3A7-5984-B710-3B26BB877006}"
EndProject
Project("{FAE04EC0-301F-11D3-BF4B-00C04F79EFBC}") = "Launch", "Launch.csproj", "{D55F8A11-8054-6473-03EB-7C5216C53EEE}"
EndProject
Project("{FAE04EC0-301F-11D3-BF4B-00C04F79EFBC}") = "Client", "Client.csproj", "{E335C1C0-164F-1039-F400-C7FC9DCA39AB}"
EndProject
Project("{FAE04EC0-301F-11D3-BF4B-00C04F79EFBC}") = "CenterServer", "CenterServer.csproj", "{ECC5E9F4-1CE7-7D3E-DA32-5AEFB1F1D053}"
EndProject
Project("{FAE04EC0-301F-11D3-BF4B-00C04F79EFBC}") = "ChatServer", "ChatServer.csproj", "{60743EC7-BD0A-40F4-BFCB-B968E3964685}"
EndProject
Project("{FAE04EC0-301F-11D3-BF4B-00C04F79EFBC}") = "GateServer", "GateServer.csproj", "{99FA6918-2DF0-90D6-DC78-9C21D3E8A362}"
EndProject
Project("{FAE04EC0-301F-11D3-BF4B-00C04F79EFBC}") = "LoginServer", "LoginServer.csproj", "{B17ACDBA-8390-6DDF-1D24-B4AE3463BEE0}"
EndProject
Project("{FAE04EC0-301F-11D3-BF4B-00C04F79EFBC}") = "MailServer", "MailServer.csproj", "{845A211F-AB87-DD49-A1ED-146654D2527B}"
EndProject
Project("{FAE04EC0-301F-11D3-BF4B-00C04F79EFBC}") = "MapServer", "MapServer.csproj", "{BF4422FB-765A-753C-384A-53A3EDE0FBA3}"
EndProject
Project("{FAE04EC0-301F-11D3-BF4B-00C04F79EFBC}") = "UserServer", "UserServer.csproj", "{D8BC1F8D-A31B-B02D-5A45-5868E2912488}"
EndProject
Project("{2150E333-8FDC-42A3-9474-1A3956D46DE8}") = "Client", "Client", "{9C91A1B6-619B-484F-A2B9-CDB067B4FA1F}"
EndProject
Project("{2150E333-8FDC-42A3-9474-1A3956D46DE8}") = "Server", "Server", "{61105770-4238-4466-8E54-27B4D4BE2802}"
EndProject
Project("{2150E333-8FDC-42A3-9474-1A3956D46DE8}") = "UnityBase", "UnityBase", "{02F77959-768A-485B-AE18-F1D68F01E3CE}"
EndProject
Global
	GlobalSection(SolutionConfigurationPlatforms) = preSolution
		Debug|Any CPU = Debug|Any CPU
		Release|Any CPU = Release|Any CPU
	EndGlobalSection
	GlobalSection(ProjectConfigurationPlatforms) = postSolution
		{84B17D6D-76A9-1856-5DF6-BCD3FE192693}.Debug|Any CPU.ActiveCfg = Debug|Any CPU
		{84B17D6D-76A9-1856-5DF6-BCD3FE192693}.Debug|Any CPU.Build.0 = Debug|Any CPU
		{84B17D6D-76A9-1856-5DF6-BCD3FE192693}.Release|Any CPU.ActiveCfg = Release|Any CPU
		{84B17D6D-76A9-1856-5DF6-BCD3FE192693}.Release|Any CPU.Build.0 = Release|Any CPU
		{702A92B6-F3EE-1D07-A8AB-B292246E19C5}.Debug|Any CPU.ActiveCfg = Debug|Any CPU
		{702A92B6-F3EE-1D07-A8AB-B292246E19C5}.Debug|Any CPU.Build.0 = Debug|Any CPU
		{702A92B6-F3EE-1D07-A8AB-B292246E19C5}.Release|Any CPU.ActiveCfg = Release|Any CPU
		{702A92B6-F3EE-1D07-A8AB-B292246E19C5}.Release|Any CPU.Build.0 = Release|Any CPU
		{FBAD5CEA-E3A7-5984-B710-3B26BB877006}.Debug|Any CPU.ActiveCfg = Debug|Any CPU
		{FBAD5CEA-E3A7-5984-B710-3B26BB877006}.Debug|Any CPU.Build.0 = Debug|Any CPU
		{FBAD5CEA-E3A7-5984-B710-3B26BB877006}.Release|Any CPU.ActiveCfg = Release|Any CPU
		{FBAD5CEA-E3A7-5984-B710-3B26BB877006}.Release|Any CPU.Build.0 = Release|Any CPU
		{D55F8A11-8054-6473-03EB-7C5216C53EEE}.Debug|Any CPU.ActiveCfg = Debug|Any CPU
		{D55F8A11-8054-6473-03EB-7C5216C53EEE}.Debug|Any CPU.Build.0 = Debug|Any CPU
		{D55F8A11-8054-6473-03EB-7C5216C53EEE}.Release|Any CPU.ActiveCfg = Release|Any CPU
		{D55F8A11-8054-6473-03EB-7C5216C53EEE}.Release|Any CPU.Build.0 = Release|Any CPU
		{E335C1C0-164F-1039-F400-C7FC9DCA39AB}.Debug|Any CPU.ActiveCfg = Debug|Any CPU
		{E335C1C0-164F-1039-F400-C7FC9DCA39AB}.Debug|Any CPU.Build.0 = Debug|Any CPU
		{E335C1C0-164F-1039-F400-C7FC9DCA39AB}.Release|Any CPU.ActiveCfg = Release|Any CPU
		{E335C1C0-164F-1039-F400-C7FC9DCA39AB}.Release|Any CPU.Build.0 = Release|Any CPU
		{ECC5E9F4-1CE7-7D3E-DA32-5AEFB1F1D053}.Debug|Any CPU.ActiveCfg = Debug|Any CPU
		{ECC5E9F4-1CE7-7D3E-DA32-5AEFB1F1D053}.Debug|Any CPU.Build.0 = Debug|Any CPU
		{ECC5E9F4-1CE7-7D3E-DA32-5AEFB1F1D053}.Release|Any CPU.ActiveCfg = Release|Any CPU
		{ECC5E9F4-1CE7-7D3E-DA32-5AEFB1F1D053}.Release|Any CPU.Build.0 = Release|Any CPU
		{60743EC7-BD0A-40F4-BFCB-B968E3964685}.Debug|Any CPU.ActiveCfg = Debug|Any CPU
		{60743EC7-BD0A-40F4-BFCB-B968E3964685}.Debug|Any CPU.Build.0 = Debug|Any CPU
		{60743EC7-BD0A-40F4-BFCB-B968E3964685}.Release|Any CPU.ActiveCfg = Release|Any CPU
		{60743EC7-BD0A-40F4-BFCB-B968E3964685}.Release|Any CPU.Build.0 = Release|Any CPU
		{99FA6918-2DF0-90D6-DC78-9C21D3E8A362}.Debug|Any CPU.ActiveCfg = Debug|Any CPU
		{99FA6918-2DF0-90D6-DC78-9C21D3E8A362}.Debug|Any CPU.Build.0 = Debug|Any CPU
		{99FA6918-2DF0-90D6-DC78-9C21D3E8A362}.Release|Any CPU.ActiveCfg = Release|Any CPU
		{99FA6918-2DF0-90D6-DC78-9C21D3E8A362}.Release|Any CPU.Build.0 = Release|Any CPU
		{B17ACDBA-8390-6DDF-1D24-B4AE3463BEE0}.Debug|Any CPU.ActiveCfg = Debug|Any CPU
		{B17ACDBA-8390-6DDF-1D24-B4AE3463BEE0}.Debug|Any CPU.Build.0 = Debug|Any CPU
		{B17ACDBA-8390-6DDF-1D24-B4AE3463BEE0}.Release|Any CPU.ActiveCfg = Release|Any CPU
		{B17ACDBA-8390-6DDF-1D24-B4AE3463BEE0}.Release|Any CPU.Build.0 = Release|Any CPU
		{845A211F-AB87-DD49-A1ED-146654D2527B}.Debug|Any CPU.ActiveCfg = Debug|Any CPU
		{845A211F-AB87-DD49-A1ED-146654D2527B}.Debug|Any CPU.Build.0 = Debug|Any CPU
		{845A211F-AB87-DD49-A1ED-146654D2527B}.Release|Any CPU.ActiveCfg = Release|Any CPU
		{845A211F-AB87-DD49-A1ED-146654D2527B}.Release|Any CPU.Build.0 = Release|Any CPU
		{BF4422FB-765A-753C-384A-53A3EDE0FBA3}.Debug|Any CPU.ActiveCfg = Debug|Any CPU
		{BF4422FB-765A-753C-384A-53A3EDE0FBA3}.Debug|Any CPU.Build.0 = Debug|Any CPU
		{BF4422FB-765A-753C-384A-53A3EDE0FBA3}.Release|Any CPU.ActiveCfg = Release|Any CPU
		{BF4422FB-765A-753C-384A-53A3EDE0FBA3}.Release|Any CPU.Build.0 = Release|Any CPU
		{D8BC1F8D-A31B-B02D-5A45-5868E2912488}.Debug|Any CPU.ActiveCfg = Debug|Any CPU
		{D8BC1F8D-A31B-B02D-5A45-5868E2912488}.Debug|Any CPU.Build.0 = Debug|Any CPU
		{D8BC1F8D-A31B-B02D-5A45-5868E2912488}.Release|Any CPU.ActiveCfg = Release|Any CPU
		{D8BC1F8D-A31B-B02D-5A45-5868E2912488}.Release|Any CPU.Build.0 = Release|Any CPU
	EndGlobalSection
	GlobalSection(SolutionProperties) = preSolution
		HideSolutionNode = FALSE
	EndGlobalSection
	GlobalSection(NestedProjects) = preSolution
		{84B17D6D-76A9-1856-5DF6-BCD3FE192693} = {02F77959-768A-485B-AE18-F1D68F01E3CE}
		{702A92B6-F3EE-1D07-A8AB-B292246E19C5} = {02F77959-768A-485B-AE18-F1D68F01E3CE}
		{FBAD5CEA-E3A7-5984-B710-3B26BB877006} = {02F77959-768A-485B-AE18-F1D68F01E3CE}
		{D55F8A11-8054-6473-03EB-7C5216C53EEE} = {02F77959-768A-485B-AE18-F1D68F01E3CE}
		{E335C1C0-164F-1039-F400-C7FC9DCA39AB} = {9C91A1B6-619B-484F-A2B9-CDB067B4FA1F}
		{ECC5E9F4-1CE7-7D3E-DA32-5AEFB1F1D053} = {61105770-4238-4466-8E54-27B4D4BE2802}
		{60743EC7-BD0A-40F4-BFCB-B968E3964685} = {61105770-4238-4466-8E54-27B4D4BE2802}
		{99FA6918-2DF0-90D6-DC78-9C21D3E8A362} = {61105770-4238-4466-8E54-27B4D4BE2802}
		{B17ACDBA-8390-6DDF-1D24-B4AE3463BEE0} = {61105770-4238-4466-8E54-27B4D4BE2802}
		{845A211F-AB87-DD49-A1ED-146654D2527B} = {61105770-4238-4466-8E54-27B4D4BE2802}
		{BF4422FB-765A-753C-384A-53A3EDE0FBA3} = {61105770-4238-4466-8E54-27B4D4BE2802}
		{AB515187-D7AF-996E-D239-D967D7E1FAB8} = {02F77959-768A-485B-AE18-F1D68F01E3CE}
	EndGlobalSection
EndGlobal
