
Microsoft Visual Studio Solution File, Format Version 12.00
# Visual Studio 15
Project("{FAE04EC0-301F-11D3-BF4B-00C04F79EFBC}") = "MessagePack", "MessagePack.csproj", "{84B17D6D-76A9-1856-5DF6-BCD3FE192693}"
EndProject
Project("{FAE04EC0-301F-11D3-BF4B-00C04F79EFBC}") = "Runtime", "Runtime.csproj", "{ED280FF6-E1E3-C8C4-DB1A-BFCFF61A2120}"
EndProject
Project("{FAE04EC0-301F-11D3-BF4B-00C04F79EFBC}") = "MessagePack.Annotations", "MessagePack.Annotations.csproj", "{FBAD5CEA-E3A7-5984-B710-3B26BB877006}"
EndProject
Project("{FAE04EC0-301F-11D3-BF4B-00C04F79EFBC}") = "Editor", "Editor.csproj", "{702A92B6-F3EE-1D07-A8AB-B292246E19C5}"
EndProject
Project("{FAE04EC0-301F-11D3-BF4B-00C04F79EFBC}") = "Client", "Client.csproj", "{E335C1C0-164F-1039-F400-C7FC9DCA39AB}"
EndProject
Project("{FAE04EC0-301F-11D3-BF4B-00C04F79EFBC}") = "Server", "Server.csproj", "{CA467871-2A3B-17A0-793C-80960FD9B9FE}"
EndProject
Project("{FAE04EC0-301F-11D3-BF4B-00C04F79EFBC}") = "Common", "Common.csproj", "{7E9D88B9-DB18-1C82-8745-0089B3E77686}"
EndProject
Global
	GlobalSection(SolutionConfigurationPlatforms) = preSolution
		Debug|Any CPU = Debug|Any CPU
		Release|Any CPU = Release|Any CPU
	EndGlobalSection
	GlobalSection(ProjectConfigurationPlatforms) = postSolution
		{84B17D6D-76A9-1856-5DF6-BCD3FE192693}.Debug|Any CPU.ActiveCfg = Debug|Any CPU
		{84B17D6D-76A9-1856-5DF6-BCD3FE192693}.Debug|Any CPU.Build.0 = Debug|Any CPU
		{84B17D6D-76A9-1856-5DF6-BCD3FE192693}.Release|Any CPU.ActiveCfg = Release|Any CPU
		{84B17D6D-76A9-1856-5DF6-BCD3FE192693}.Release|Any CPU.Build.0 = Release|Any CPU
		{ED280FF6-E1E3-C8C4-DB1A-BFCFF61A2120}.Debug|Any CPU.ActiveCfg = Debug|Any CPU
		{ED280FF6-E1E3-C8C4-DB1A-BFCFF61A2120}.Debug|Any CPU.Build.0 = Debug|Any CPU
		{ED280FF6-E1E3-C8C4-DB1A-BFCFF61A2120}.Release|Any CPU.ActiveCfg = Release|Any CPU
		{ED280FF6-E1E3-C8C4-DB1A-BFCFF61A2120}.Release|Any CPU.Build.0 = Release|Any CPU
		{FBAD5CEA-E3A7-5984-B710-3B26BB877006}.Debug|Any CPU.ActiveCfg = Debug|Any CPU
		{FBAD5CEA-E3A7-5984-B710-3B26BB877006}.Debug|Any CPU.Build.0 = Debug|Any CPU
		{FBAD5CEA-E3A7-5984-B710-3B26BB877006}.Release|Any CPU.ActiveCfg = Release|Any CPU
		{FBAD5CEA-E3A7-5984-B710-3B26BB877006}.Release|Any CPU.Build.0 = Release|Any CPU
		{702A92B6-F3EE-1D07-A8AB-B292246E19C5}.Debug|Any CPU.ActiveCfg = Debug|Any CPU
		{702A92B6-F3EE-1D07-A8AB-B292246E19C5}.Debug|Any CPU.Build.0 = Debug|Any CPU
		{702A92B6-F3EE-1D07-A8AB-B292246E19C5}.Release|Any CPU.ActiveCfg = Release|Any CPU
		{702A92B6-F3EE-1D07-A8AB-B292246E19C5}.Release|Any CPU.Build.0 = Release|Any CPU
		{E335C1C0-164F-1039-F400-C7FC9DCA39AB}.Debug|Any CPU.ActiveCfg = Debug|Any CPU
		{E335C1C0-164F-1039-F400-C7FC9DCA39AB}.Debug|Any CPU.Build.0 = Debug|Any CPU
		{E335C1C0-164F-1039-F400-C7FC9DCA39AB}.Release|Any CPU.ActiveCfg = Release|Any CPU
		{E335C1C0-164F-1039-F400-C7FC9DCA39AB}.Release|Any CPU.Build.0 = Release|Any CPU
		{CA467871-2A3B-17A0-793C-80960FD9B9FE}.Debug|Any CPU.ActiveCfg = Debug|Any CPU
		{CA467871-2A3B-17A0-793C-80960FD9B9FE}.Debug|Any CPU.Build.0 = Debug|Any CPU
		{CA467871-2A3B-17A0-793C-80960FD9B9FE}.Release|Any CPU.ActiveCfg = Release|Any CPU
		{CA467871-2A3B-17A0-793C-80960FD9B9FE}.Release|Any CPU.Build.0 = Release|Any CPU
		{7E9D88B9-DB18-1C82-8745-0089B3E77686}.Debug|Any CPU.ActiveCfg = Debug|Any CPU
		{7E9D88B9-DB18-1C82-8745-0089B3E77686}.Debug|Any CPU.Build.0 = Debug|Any CPU
		{7E9D88B9-DB18-1C82-8745-0089B3E77686}.Release|Any CPU.ActiveCfg = Release|Any CPU
		{7E9D88B9-DB18-1C82-8745-0089B3E77686}.Release|Any CPU.Build.0 = Release|Any CPU
	EndGlobalSection
	GlobalSection(SolutionProperties) = preSolution
		HideSolutionNode = FALSE
	EndGlobalSection
EndGlobal
