
Microsoft Visual Studio Solution File, Format Version 12.00
# Visual Studio Version 17
VisualStudioVersion = 17.0.32002.185
MinimumVisualStudioVersion = 10.0.40219.1
Project("{FAE04EC0-301F-11D3-BF4B-00C04F79EFBC}") = "ServerApp", "ServerApp.csproj", "{C66C8032-4B53-4607-A46E-273F3040151B}"
EndProject
Global
	GlobalSection(SolutionConfigurationPlatforms) = preSolution
		Debug|Any CPU = Debug|Any CPU
		Release|Any CPU = Release|Any CPU
	EndGlobalSection
	GlobalSection(ProjectConfigurationPlatforms) = postSolution
		{C66C8032-4B53-4607-A46E-273F3040151B}.Debug|Any CPU.ActiveCfg = Debug|Any CPU
		{C66C8032-4B53-4607-A46E-273F3040151B}.Debug|Any CPU.Build.0 = Debug|Any CPU
		{C66C8032-4B53-4607-A46E-273F3040151B}.Release|Any CPU.ActiveCfg = Release|Any CPU
		{C66C8032-4B53-4607-A46E-273F3040151B}.Release|Any CPU.Build.0 = Release|Any CPU
	EndGlobalSection
	GlobalSection(SolutionProperties) = preSolution
		HideSolutionNode = FALSE
	EndGlobalSection
	GlobalSection(ExtensibilityGlobals) = postSolution
		SolutionGuid = {07E8D084-0CC8-4416-AA56-827F050950E4}
	EndGlobalSection
EndGlobal
